
Microsoft Visual Studio Solution File, Format Version 12.00
# Visual Studio 15
VisualStudioVersion = 15.0.28307.539
MinimumVisualStudioVersion = 10.0.40219.1
Project("{FAE04EC0-301F-11D3-BF4B-00C04F79EFBC}") = "DoubleUnderline", "DoubleUnderline\DoubleUnderline.csproj", "{84E93EDC-2471-45AF-BB49-4B287C3D2441}"
EndProject
Global
	GlobalSection(SolutionConfigurationPlatforms) = preSolution
		Debug|Any CPU = Debug|Any CPU
		Release|Any CPU = Release|Any CPU
	EndGlobalSection
	GlobalSection(ProjectConfigurationPlatforms) = postSolution
		{84E93EDC-2471-45AF-BB49-4B287C3D2441}.Debug|Any CPU.ActiveCfg = Debug|Any CPU
		{84E93EDC-2471-45AF-BB49-4B287C3D2441}.Debug|Any CPU.Build.0 = Debug|Any CPU
		{84E93EDC-2471-45AF-BB49-4B287C3D2441}.Release|Any CPU.ActiveCfg = Release|Any CPU
		{84E93EDC-2471-45AF-BB49-4B287C3D2441}.Release|Any CPU.Build.0 = Release|Any CPU
	EndGlobalSection
	GlobalSection(SolutionProperties) = preSolution
		HideSolutionNode = FALSE
	EndGlobalSection
	GlobalSection(ExtensibilityGlobals) = postSolution
		SolutionGuid = {682B64A9-8EA2-44A4-B63B-9A4BE4BFE760}
	EndGlobalSection
EndGlobal
